// !$*UTF8*$!
{
	archiveVersion = 1;
	classes = {
	};
	objectVersion = 46;
	objects = {

/* Begin PBXBuildFile section */
		524741C71E474142005027BD /* main.swift in Sources */ = {isa = PBXBuildFile; fileRef = 524741C61E474142005027BD /* main.swift */; };
		524741D21E474152005027BD /* I2CDeviceModule.framework in Frameworks */ = {isa = PBXBuildFile; fileRef = 524741CF1E47414B005027BD /* I2CDeviceModule.framework */; };
/* End PBXBuildFile section */

/* Begin PBXContainerItemProxy section */
		524741CE1E47414B005027BD /* PBXContainerItemProxy */ = {
			isa = PBXContainerItemProxy;
			containerPortal = 524741C81E47414B005027BD /* I2CDeviceModule.xcodeproj */;
			proxyType = 2;
			remoteGlobalIDString = 52BC0A6A1E0507E3008D74D7;
			remoteInfo = I2CDeviceModule;
		};
		524741D01E47414B005027BD /* PBXContainerItemProxy */ = {
			isa = PBXContainerItemProxy;
			containerPortal = 524741C81E47414B005027BD /* I2CDeviceModule.xcodeproj */;
			proxyType = 2;
			remoteGlobalIDString = 52BC0A731E0507E3008D74D7;
			remoteInfo = I2CDeviceModuleTests;
		};
/* End PBXContainerItemProxy section */

/* Begin PBXFileReference section */
		524741BA1E474125005027BD /* AirPressureSensDisplay.app */ = {isa = PBXFileReference; explicitFileType = wrapper.application; includeInIndex = 0; path = AirPressureSensDisplay.app; sourceTree = BUILT_PRODUCTS_DIR; };
		524741BF1E474125005027BD /* Info.plist */ = {isa = PBXFileReference; lastKnownFileType = text.plist.xml; path = Info.plist; sourceTree = "<group>"; };
		524741C61E474142005027BD /* main.swift */ = {isa = PBXFileReference; fileEncoding = 4; lastKnownFileType = sourcecode.swift; path = main.swift; sourceTree = "<group>"; };
		524741C81E47414B005027BD /* I2CDeviceModule.xcodeproj */ = {isa = PBXFileReference; lastKnownFileType = "wrapper.pb-project"; name = I2CDeviceModule.xcodeproj; path = ../I2CDeviceModule/I2CDeviceModule.xcodeproj; sourceTree = "<group>"; };
/* End PBXFileReference section */

/* Begin PBXFrameworksBuildPhase section */
		524741B81E474125005027BD /* Frameworks */ = {
			isa = PBXFrameworksBuildPhase;
			buildActionMask = 2147483647;
			files = (
				524741D21E474152005027BD /* I2CDeviceModule.framework in Frameworks */,
			);
			runOnlyForDeploymentPostprocessing = 0;
		};
/* End PBXFrameworksBuildPhase section */

/* Begin PBXGroup section */
		524741B21E474125005027BD = {
			isa = PBXGroup;
			children = (
				524741C81E47414B005027BD /* I2CDeviceModule.xcodeproj */,
				524741BC1E474125005027BD /* AirPressureSensDisplay */,
				524741BB1E474125005027BD /* Products */,
			);
			sourceTree = "<group>";
		};
		524741BB1E474125005027BD /* Products */ = {
			isa = PBXGroup;
			children = (
				524741BA1E474125005027BD /* AirPressureSensDisplay.app */,
			);
			name = Products;
			sourceTree = "<group>";
		};
		524741BC1E474125005027BD /* AirPressureSensDisplay */ = {
			isa = PBXGroup;
			children = (
				524741C51E474142005027BD /* AirPressureSensDisplay */,
				524741BF1E474125005027BD /* Info.plist */,
			);
			path = AirPressureSensDisplay;
			sourceTree = "<group>";
		};
		524741C51E474142005027BD /* AirPressureSensDisplay */ = {
			isa = PBXGroup;
			children = (
				524741C61E474142005027BD /* main.swift */,
			);
			name = AirPressureSensDisplay;
			path = ../../../Sources/AirPressureSensDisplay;
			sourceTree = "<group>";
		};
		524741C91E47414B005027BD /* Products */ = {
			isa = PBXGroup;
			children = (
				524741CF1E47414B005027BD /* I2CDeviceModule.framework */,
				524741D11E47414B005027BD /* I2CDeviceModuleTests.xctest */,
			);
			name = Products;
			sourceTree = "<group>";
		};
/* End PBXGroup section */

/* Begin PBXNativeTarget section */
		524741B91E474125005027BD /* AirPressureSensDisplay */ = {
			isa = PBXNativeTarget;
			buildConfigurationList = 524741C21E474125005027BD /* Build configuration list for PBXNativeTarget "AirPressureSensDisplay" */;
			buildPhases = (
				524741B71E474125005027BD /* Sources */,
				524741B81E474125005027BD /* Frameworks */,
			);
			buildRules = (
			);
			dependencies = (
			);
			name = AirPressureSensDisplay;
			productName = AirPressureSensDisplay;
			productReference = 524741BA1E474125005027BD /* AirPressureSensDisplay.app */;
			productType = "com.apple.product-type.application";
		};
/* End PBXNativeTarget section */

/* Begin PBXProject section */
		524741B31E474125005027BD /* Project object */ = {
			isa = PBXProject;
			attributes = {
				LastSwiftUpdateCheck = 0820;
				LastUpgradeCheck = 0820;
				ORGANIZATIONNAME = "Yusuke Ito";
				TargetAttributes = {
					524741B91E474125005027BD = {
						CreatedOnToolsVersion = 8.2.1;
						ProvisioningStyle = Automatic;
					};
				};
			};
			buildConfigurationList = 524741B61E474125005027BD /* Build configuration list for PBXProject "AirPressureSensDisplay" */;
			compatibilityVersion = "Xcode 3.2";
			developmentRegion = English;
			hasScannedForEncodings = 0;
			knownRegions = (
				en,
			);
			mainGroup = 524741B21E474125005027BD;
			productRefGroup = 524741BB1E474125005027BD /* Products */;
			projectDirPath = "";
			projectReferences = (
				{
					ProductGroup = 524741C91E47414B005027BD /* Products */;
					ProjectRef = 524741C81E47414B005027BD /* I2CDeviceModule.xcodeproj */;
				},
			);
			projectRoot = "";
			targets = (
				524741B91E474125005027BD /* AirPressureSensDisplay */,
			);
		};
/* End PBXProject section */

/* Begin PBXReferenceProxy section */
		524741CF1E47414B005027BD /* I2CDeviceModule.framework */ = {
			isa = PBXReferenceProxy;
			fileType = wrapper.framework;
			path = I2CDeviceModule.framework;
			remoteRef = 524741CE1E47414B005027BD /* PBXContainerItemProxy */;
			sourceTree = BUILT_PRODUCTS_DIR;
		};
		524741D11E47414B005027BD /* I2CDeviceModuleTests.xctest */ = {
			isa = PBXReferenceProxy;
			fileType = wrapper.cfbundle;
			path = I2CDeviceModuleTests.xctest;
			remoteRef = 524741D01E47414B005027BD /* PBXContainerItemProxy */;
			sourceTree = BUILT_PRODUCTS_DIR;
		};
/* End PBXReferenceProxy section */

/* Begin PBXSourcesBuildPhase section */
		524741B71E474125005027BD /* Sources */ = {
			isa = PBXSourcesBuildPhase;
			buildActionMask = 2147483647;
			files = (
				524741C71E474142005027BD /* main.swift in Sources */,
			);
			runOnlyForDeploymentPostprocessing = 0;
		};
/* End PBXSourcesBuildPhase section */

/* Begin XCBuildConfiguration section */
		524741C01E474125005027BD /* Debug */ = {
			isa = XCBuildConfiguration;
			buildSettings = {
				ALWAYS_SEARCH_USER_PATHS = NO;
				CLANG_CXX_LANGUAGE_STANDARD = "gnu++0x";
				CLANG_CXX_LIBRARY = "libc++";
				CLANG_ENABLE_MODULES = YES;
				CLANG_ENABLE_OBJC_ARC = YES;
				CLANG_WARN_BOOL_CONVERSION = YES;
				CLANG_WARN_CONSTANT_CONVERSION = YES;
				CLANG_WARN_DIRECT_OBJC_ISA_USAGE = YES_ERROR;
				CLANG_WARN_EMPTY_BODY = YES;
				CLANG_WARN_ENUM_CONVERSION = YES;
				CLANG_WARN_INT_CONVERSION = YES;
				CLANG_WARN_OBJC_ROOT_CLASS = YES_ERROR;
				CLANG_WARN_UNREACHABLE_CODE = YES;
				CLANG_WARN__DUPLICATE_METHOD_MATCH = YES;
				CODE_SIGN_IDENTITY = "-";
				COPY_PHASE_STRIP = NO;
				DEBUG_INFORMATION_FORMAT = dwarf;
				ENABLE_STRICT_OBJC_MSGSEND = YES;
				ENABLE_TESTABILITY = YES;
				GCC_C_LANGUAGE_STANDARD = gnu99;
				GCC_DYNAMIC_NO_PIC = NO;
				GCC_NO_COMMON_BLOCKS = YES;
				GCC_OPTIMIZATION_LEVEL = 0;
				GCC_PREPROCESSOR_DEFINITIONS = (
					"DEBUG=1",
					"$(inherited)",
				);
				GCC_WARN_64_TO_32_BIT_CONVERSION = YES;
				GCC_WARN_ABOUT_RETURN_TYPE = YES_ERROR;
				GCC_WARN_UNDECLARED_SELECTOR = YES;
				GCC_WARN_UNINITIALIZED_AUTOS = YES_AGGRESSIVE;
				GCC_WARN_UNUSED_FUNCTION = YES;
				GCC_WARN_UNUSED_VARIABLE = YES;
				MACOSX_DEPLOYMENT_TARGET = 10.12;
				MTL_ENABLE_DEBUG_INFO = YES;
				ONLY_ACTIVE_ARCH = YES;
				SDKROOT = macosx;
			};
			name = Debug;
		};
		524741C11E474125005027BD /* Release */ = {
			isa = XCBuildConfiguration;
			buildSettings = {
				ALWAYS_SEARCH_USER_PATHS = NO;
				CLANG_CXX_LANGUAGE_STANDARD = "gnu++0x";
				CLANG_CXX_LIBRARY = "libc++";
				CLANG_ENABLE_MODULES = YES;
				CLANG_ENABLE_OBJC_ARC = YES;
				CLANG_WARN_BOOL_CONVERSION = YES;
				CLANG_WARN_CONSTANT_CONVERSION = YES;
				CLANG_WARN_DIRECT_OBJC_ISA_USAGE = YES_ERROR;
				CLANG_WARN_EMPTY_BODY = YES;
				CLANG_WARN_ENUM_CONVERSION = YES;
				CLANG_WARN_INT_CONVERSION = YES;
				CLANG_WARN_OBJC_ROOT_CLASS = YES_ERROR;
				CLANG_WARN_UNREACHABLE_CODE = YES;
				CLANG_WARN__DUPLICATE_METHOD_MATCH = YES;
				CODE_SIGN_IDENTITY = "-";
				COPY_PHASE_STRIP = NO;
				DEBUG_INFORMATION_FORMAT = "dwarf-with-dsym";
				ENABLE_NS_ASSERTIONS = NO;
				ENABLE_STRICT_OBJC_MSGSEND = YES;
				GCC_C_LANGUAGE_STANDARD = gnu99;
				GCC_NO_COMMON_BLOCKS = YES;
				GCC_WARN_64_TO_32_BIT_CONVERSION = YES;
				GCC_WARN_ABOUT_RETURN_TYPE = YES_ERROR;
				GCC_WARN_UNDECLARED_SELECTOR = YES;
				GCC_WARN_UNINITIALIZED_AUTOS = YES_AGGRESSIVE;
				GCC_WARN_UNUSED_FUNCTION = YES;
				GCC_WARN_UNUSED_VARIABLE = YES;
				MACOSX_DEPLOYMENT_TARGET = 10.12;
				MTL_ENABLE_DEBUG_INFO = NO;
				SDKROOT = macosx;
			};
			name = Release;
		};
		524741C31E474125005027BD /* Debug */ = {
			isa = XCBuildConfiguration;
			buildSettings = {
				INFOPLIST_FILE = AirPressureSensDisplay/Info.plist;
				LD_RUNPATH_SEARCH_PATHS = "$(inherited) @executable_path/Frameworks @executable_path/../Frameworks";
				PRODUCT_BUNDLE_IDENTIFIER = jp.novi.AirPressureSensDisplay;
				PRODUCT_NAME = "$(TARGET_NAME)";
				SWIFT_VERSION = 3.0;
			};
			name = Debug;
		};
		524741C41E474125005027BD /* Release */ = {
			isa = XCBuildConfiguration;
			buildSettings = {
				INFOPLIST_FILE = AirPressureSensDisplay/Info.plist;
				LD_RUNPATH_SEARCH_PATHS = "$(inherited) @executable_path/Frameworks @executable_path/../Frameworks";
				PRODUCT_BUNDLE_IDENTIFIER = jp.novi.AirPressureSensDisplay;
				PRODUCT_NAME = "$(TARGET_NAME)";
				SWIFT_VERSION = 3.0;
			};
			name = Release;
		};
/* End XCBuildConfiguration section */

/* Begin XCConfigurationList section */
		524741B61E474125005027BD /* Build configuration list for PBXProject "AirPressureSensDisplay" */ = {
			isa = XCConfigurationList;
			buildConfigurations = (
				524741C01E474125005027BD /* Debug */,
				524741C11E474125005027BD /* Release */,
			);
			defaultConfigurationIsVisible = 0;
			defaultConfigurationName = Release;
		};
		524741C21E474125005027BD /* Build configuration list for PBXNativeTarget "AirPressureSensDisplay" */ = {
			isa = XCConfigurationList;
			buildConfigurations = (
				524741C31E474125005027BD /* Debug */,
				524741C41E474125005027BD /* Release */,
			);
			defaultConfigurationIsVisible = 0;
			defaultConfigurationName = Release;
		};
/* End XCConfigurationList section */
	};
	rootObject = 524741B31E474125005027BD /* Project object */;
}
