// !$*UTF8*$!
{
	archiveVersion = 1;
	classes = {
	};
	objectVersion = 46;
	objects = {

/* Begin PBXBuildFile section */
		52BC0AAE1E0510D9008D74D7 /* I2CDeviceModule.framework in Frameworks */ = {isa = PBXBuildFile; fileRef = 52BC0AAB1E0510D1008D74D7 /* I2CDeviceModule.framework */; };
		52BC0AB11E0510F3008D74D7 /* main.swift in Sources */ = {isa = PBXBuildFile; fileRef = 52BC0AB01E0510F3008D74D7 /* main.swift */; };
/* End PBXBuildFile section */

/* Begin PBXContainerItemProxy section */
		52BC0AAA1E0510D1008D74D7 /* PBXContainerItemProxy */ = {
			isa = PBXContainerItemProxy;
			containerPortal = 52BC0AA41E0510D0008D74D7 /* I2CDeviceModule.xcodeproj */;
			proxyType = 2;
			remoteGlobalIDString = 52BC0A6A1E0507E3008D74D7;
			remoteInfo = I2CDeviceModule;
		};
		52BC0AAC1E0510D1008D74D7 /* PBXContainerItemProxy */ = {
			isa = PBXContainerItemProxy;
			containerPortal = 52BC0AA41E0510D0008D74D7 /* I2CDeviceModule.xcodeproj */;
			proxyType = 2;
			remoteGlobalIDString = 52BC0A731E0507E3008D74D7;
			remoteInfo = I2CDeviceModuleTests;
		};
/* End PBXContainerItemProxy section */

/* Begin PBXFileReference section */
		52BC0A991E0510BB008D74D7 /* Counter.app */ = {isa = PBXFileReference; explicitFileType = wrapper.application; includeInIndex = 0; path = Counter.app; sourceTree = BUILT_PRODUCTS_DIR; };
		52BC0A9E1E0510BB008D74D7 /* Info.plist */ = {isa = PBXFileReference; lastKnownFileType = text.plist.xml; path = Info.plist; sourceTree = "<group>"; };
		52BC0AA41E0510D0008D74D7 /* I2CDeviceModule.xcodeproj */ = {isa = PBXFileReference; lastKnownFileType = "wrapper.pb-project"; name = I2CDeviceModule.xcodeproj; path = ../I2CDeviceModule/I2CDeviceModule.xcodeproj; sourceTree = "<group>"; };
		52BC0AB01E0510F3008D74D7 /* main.swift */ = {isa = PBXFileReference; fileEncoding = 4; lastKnownFileType = sourcecode.swift; path = main.swift; sourceTree = "<group>"; };
/* End PBXFileReference section */

/* Begin PBXFrameworksBuildPhase section */
		52BC0A971E0510BB008D74D7 /* Frameworks */ = {
			isa = PBXFrameworksBuildPhase;
			buildActionMask = 2147483647;
			files = (
				52BC0AAE1E0510D9008D74D7 /* I2CDeviceModule.framework in Frameworks */,
			);
			runOnlyForDeploymentPostprocessing = 0;
		};
/* End PBXFrameworksBuildPhase section */

/* Begin PBXGroup section */
		52BC0A911E0510BB008D74D7 = {
			isa = PBXGroup;
			children = (
				52BC0AA41E0510D0008D74D7 /* I2CDeviceModule.xcodeproj */,
				52BC0A9B1E0510BB008D74D7 /* Counter */,
				52BC0A9A1E0510BB008D74D7 /* Products */,
			);
			sourceTree = "<group>";
		};
		52BC0A9A1E0510BB008D74D7 /* Products */ = {
			isa = PBXGroup;
			children = (
				52BC0A991E0510BB008D74D7 /* Counter.app */,
			);
			name = Products;
			sourceTree = "<group>";
		};
		52BC0A9B1E0510BB008D74D7 /* Counter */ = {
			isa = PBXGroup;
			children = (
				52BC0AAF1E0510E8008D74D7 /* Counter */,
				52BC0A9E1E0510BB008D74D7 /* Info.plist */,
			);
			path = Counter;
			sourceTree = "<group>";
		};
		52BC0AA51E0510D0008D74D7 /* Products */ = {
			isa = PBXGroup;
			children = (
				52BC0AAB1E0510D1008D74D7 /* I2CDeviceModule.framework */,
				52BC0AAD1E0510D1008D74D7 /* I2CDeviceModuleTests.xctest */,
			);
			name = Products;
			sourceTree = "<group>";
		};
		52BC0AAF1E0510E8008D74D7 /* Counter */ = {
			isa = PBXGroup;
			children = (
				52BC0AB01E0510F3008D74D7 /* main.swift */,
			);
			name = Counter;
			path = ../../../Sources/Counter;
			sourceTree = "<group>";
		};
/* End PBXGroup section */

/* Begin PBXNativeTarget section */
		52BC0A981E0510BB008D74D7 /* Counter */ = {
			isa = PBXNativeTarget;
			buildConfigurationList = 52BC0AA11E0510BB008D74D7 /* Build configuration list for PBXNativeTarget "Counter" */;
			buildPhases = (
				52BC0A961E0510BB008D74D7 /* Sources */,
				52BC0A971E0510BB008D74D7 /* Frameworks */,
			);
			buildRules = (
			);
			dependencies = (
			);
			name = Counter;
			productName = Counter;
			productReference = 52BC0A991E0510BB008D74D7 /* Counter.app */;
			productType = "com.apple.product-type.application";
		};
/* End PBXNativeTarget section */

/* Begin PBXProject section */
		52BC0A921E0510BB008D74D7 /* Project object */ = {
			isa = PBXProject;
			attributes = {
				LastSwiftUpdateCheck = 0820;
				LastUpgradeCheck = 0820;
				ORGANIZATIONNAME = "Yusuke Ito";
				TargetAttributes = {
					52BC0A981E0510BB008D74D7 = {
						CreatedOnToolsVersion = 8.2;
						LastSwiftMigration = 0820;
						ProvisioningStyle = Automatic;
					};
				};
			};
			buildConfigurationList = 52BC0A951E0510BB008D74D7 /* Build configuration list for PBXProject "Counter" */;
			compatibilityVersion = "Xcode 3.2";
			developmentRegion = English;
			hasScannedForEncodings = 0;
			knownRegions = (
				en,
			);
			mainGroup = 52BC0A911E0510BB008D74D7;
			productRefGroup = 52BC0A9A1E0510BB008D74D7 /* Products */;
			projectDirPath = "";
			projectReferences = (
				{
					ProductGroup = 52BC0AA51E0510D0008D74D7 /* Products */;
					ProjectRef = 52BC0AA41E0510D0008D74D7 /* I2CDeviceModule.xcodeproj */;
				},
			);
			projectRoot = "";
			targets = (
				52BC0A981E0510BB008D74D7 /* Counter */,
			);
		};
/* End PBXProject section */

/* Begin PBXReferenceProxy section */
		52BC0AAB1E0510D1008D74D7 /* I2CDeviceModule.framework */ = {
			isa = PBXReferenceProxy;
			fileType = wrapper.framework;
			path = I2CDeviceModule.framework;
			remoteRef = 52BC0AAA1E0510D1008D74D7 /* PBXContainerItemProxy */;
			sourceTree = BUILT_PRODUCTS_DIR;
		};
		52BC0AAD1E0510D1008D74D7 /* I2CDeviceModuleTests.xctest */ = {
			isa = PBXReferenceProxy;
			fileType = wrapper.cfbundle;
			path = I2CDeviceModuleTests.xctest;
			remoteRef = 52BC0AAC1E0510D1008D74D7 /* PBXContainerItemProxy */;
			sourceTree = BUILT_PRODUCTS_DIR;
		};
/* End PBXReferenceProxy section */

/* Begin PBXSourcesBuildPhase section */
		52BC0A961E0510BB008D74D7 /* Sources */ = {
			isa = PBXSourcesBuildPhase;
			buildActionMask = 2147483647;
			files = (
				52BC0AB11E0510F3008D74D7 /* main.swift in Sources */,
			);
			runOnlyForDeploymentPostprocessing = 0;
		};
/* End PBXSourcesBuildPhase section */

/* Begin XCBuildConfiguration section */
		52BC0A9F1E0510BB008D74D7 /* Debug */ = {
			isa = XCBuildConfiguration;
			buildSettings = {
				ALWAYS_SEARCH_USER_PATHS = NO;
				CLANG_CXX_LANGUAGE_STANDARD = "gnu++0x";
				CLANG_CXX_LIBRARY = "libc++";
				CLANG_ENABLE_MODULES = YES;
				CLANG_ENABLE_OBJC_ARC = YES;
				CLANG_WARN_BOOL_CONVERSION = YES;
				CLANG_WARN_CONSTANT_CONVERSION = YES;
				CLANG_WARN_DIRECT_OBJC_ISA_USAGE = YES_ERROR;
				CLANG_WARN_EMPTY_BODY = YES;
				CLANG_WARN_ENUM_CONVERSION = YES;
				CLANG_WARN_INT_CONVERSION = YES;
				CLANG_WARN_OBJC_ROOT_CLASS = YES_ERROR;
				CLANG_WARN_UNREACHABLE_CODE = YES;
				CLANG_WARN__DUPLICATE_METHOD_MATCH = YES;
				CODE_SIGN_IDENTITY = "-";
				COPY_PHASE_STRIP = NO;
				DEBUG_INFORMATION_FORMAT = dwarf;
				ENABLE_STRICT_OBJC_MSGSEND = YES;
				ENABLE_TESTABILITY = YES;
				GCC_C_LANGUAGE_STANDARD = gnu99;
				GCC_DYNAMIC_NO_PIC = NO;
				GCC_NO_COMMON_BLOCKS = YES;
				GCC_OPTIMIZATION_LEVEL = 0;
				GCC_PREPROCESSOR_DEFINITIONS = (
					"DEBUG=1",
					"$(inherited)",
				);
				GCC_WARN_64_TO_32_BIT_CONVERSION = YES;
				GCC_WARN_ABOUT_RETURN_TYPE = YES_ERROR;
				GCC_WARN_UNDECLARED_SELECTOR = YES;
				GCC_WARN_UNINITIALIZED_AUTOS = YES_AGGRESSIVE;
				GCC_WARN_UNUSED_FUNCTION = YES;
				GCC_WARN_UNUSED_VARIABLE = YES;
				MACOSX_DEPLOYMENT_TARGET = 10.12;
				MTL_ENABLE_DEBUG_INFO = YES;
				ONLY_ACTIVE_ARCH = YES;
				SDKROOT = macosx;
			};
			name = Debug;
		};
		52BC0AA01E0510BB008D74D7 /* Release */ = {
			isa = XCBuildConfiguration;
			buildSettings = {
				ALWAYS_SEARCH_USER_PATHS = NO;
				CLANG_CXX_LANGUAGE_STANDARD = "gnu++0x";
				CLANG_CXX_LIBRARY = "libc++";
				CLANG_ENABLE_MODULES = YES;
				CLANG_ENABLE_OBJC_ARC = YES;
				CLANG_WARN_BOOL_CONVERSION = YES;
				CLANG_WARN_CONSTANT_CONVERSION = YES;
				CLANG_WARN_DIRECT_OBJC_ISA_USAGE = YES_ERROR;
				CLANG_WARN_EMPTY_BODY = YES;
				CLANG_WARN_ENUM_CONVERSION = YES;
				CLANG_WARN_INT_CONVERSION = YES;
				CLANG_WARN_OBJC_ROOT_CLASS = YES_ERROR;
				CLANG_WARN_UNREACHABLE_CODE = YES;
				CLANG_WARN__DUPLICATE_METHOD_MATCH = YES;
				CODE_SIGN_IDENTITY = "-";
				COPY_PHASE_STRIP = NO;
				DEBUG_INFORMATION_FORMAT = "dwarf-with-dsym";
				ENABLE_NS_ASSERTIONS = NO;
				ENABLE_STRICT_OBJC_MSGSEND = YES;
				GCC_C_LANGUAGE_STANDARD = gnu99;
				GCC_NO_COMMON_BLOCKS = YES;
				GCC_WARN_64_TO_32_BIT_CONVERSION = YES;
				GCC_WARN_ABOUT_RETURN_TYPE = YES_ERROR;
				GCC_WARN_UNDECLARED_SELECTOR = YES;
				GCC_WARN_UNINITIALIZED_AUTOS = YES_AGGRESSIVE;
				GCC_WARN_UNUSED_FUNCTION = YES;
				GCC_WARN_UNUSED_VARIABLE = YES;
				MACOSX_DEPLOYMENT_TARGET = 10.12;
				MTL_ENABLE_DEBUG_INFO = NO;
				SDKROOT = macosx;
			};
			name = Release;
		};
		52BC0AA21E0510BB008D74D7 /* Debug */ = {
			isa = XCBuildConfiguration;
			buildSettings = {
				CLANG_ENABLE_MODULES = YES;
				INFOPLIST_FILE = Counter/Info.plist;
				LD_RUNPATH_SEARCH_PATHS = "$(inherited) @executable_path/Frameworks @executable_path/../Frameworks";
				PRODUCT_BUNDLE_IDENTIFIER = jp.novi.Counter;
				PRODUCT_NAME = "$(TARGET_NAME)";
				SWIFT_OPTIMIZATION_LEVEL = "-Onone";
				SWIFT_VERSION = 3.0;
			};
			name = Debug;
		};
		52BC0AA31E0510BB008D74D7 /* Release */ = {
			isa = XCBuildConfiguration;
			buildSettings = {
				CLANG_ENABLE_MODULES = YES;
				INFOPLIST_FILE = Counter/Info.plist;
				LD_RUNPATH_SEARCH_PATHS = "$(inherited) @executable_path/Frameworks @executable_path/../Frameworks";
				PRODUCT_BUNDLE_IDENTIFIER = jp.novi.Counter;
				PRODUCT_NAME = "$(TARGET_NAME)";
				SWIFT_VERSION = 3.0;
			};
			name = Release;
		};
/* End XCBuildConfiguration section */

/* Begin XCConfigurationList section */
		52BC0A951E0510BB008D74D7 /* Build configuration list for PBXProject "Counter" */ = {
			isa = XCConfigurationList;
			buildConfigurations = (
				52BC0A9F1E0510BB008D74D7 /* Debug */,
				52BC0AA01E0510BB008D74D7 /* Release */,
			);
			defaultConfigurationIsVisible = 0;
			defaultConfigurationName = Release;
		};
		52BC0AA11E0510BB008D74D7 /* Build configuration list for PBXNativeTarget "Counter" */ = {
			isa = XCConfigurationList;
			buildConfigurations = (
				52BC0AA21E0510BB008D74D7 /* Debug */,
				52BC0AA31E0510BB008D74D7 /* Release */,
			);
			defaultConfigurationIsVisible = 0;
			defaultConfigurationName = Release;
		};
/* End XCConfigurationList section */
	};
	rootObject = 52BC0A921E0510BB008D74D7 /* Project object */;
}
