// !$*UTF8*$!
{
	archiveVersion = 1;
	classes = {
	};
	objectVersion = 46;
	objects = {

/* Begin PBXBuildFile section */
		524741A91E474041005027BD /* I2CDeviceModule.framework in Frameworks */ = {isa = PBXBuildFile; fileRef = 524741A61E474039005027BD /* I2CDeviceModule.framework */; };
		524741B11E4740E5005027BD /* main.swift in Sources */ = {isa = PBXBuildFile; fileRef = 524741B01E4740E5005027BD /* main.swift */; };
/* End PBXBuildFile section */

/* Begin PBXContainerItemProxy section */
		524741A51E474039005027BD /* PBXContainerItemProxy */ = {
			isa = PBXContainerItemProxy;
			containerPortal = 5247419F1E474039005027BD /* I2CDeviceModule.xcodeproj */;
			proxyType = 2;
			remoteGlobalIDString = 52BC0A6A1E0507E3008D74D7;
			remoteInfo = I2CDeviceModule;
		};
		524741A71E474039005027BD /* PBXContainerItemProxy */ = {
			isa = PBXContainerItemProxy;
			containerPortal = 5247419F1E474039005027BD /* I2CDeviceModule.xcodeproj */;
			proxyType = 2;
			remoteGlobalIDString = 52BC0A731E0507E3008D74D7;
			remoteInfo = I2CDeviceModuleTests;
		};
/* End PBXContainerItemProxy section */

/* Begin PBXFileReference section */
		524741921E474025005027BD /* AirPressureSens.app */ = {isa = PBXFileReference; explicitFileType = wrapper.application; includeInIndex = 0; path = AirPressureSens.app; sourceTree = BUILT_PRODUCTS_DIR; };
		524741971E474025005027BD /* Info.plist */ = {isa = PBXFileReference; lastKnownFileType = text.plist.xml; path = Info.plist; sourceTree = "<group>"; };
		5247419F1E474039005027BD /* I2CDeviceModule.xcodeproj */ = {isa = PBXFileReference; lastKnownFileType = "wrapper.pb-project"; name = I2CDeviceModule.xcodeproj; path = ../I2CDeviceModule/I2CDeviceModule.xcodeproj; sourceTree = "<group>"; };
		524741B01E4740E5005027BD /* main.swift */ = {isa = PBXFileReference; fileEncoding = 4; lastKnownFileType = sourcecode.swift; path = main.swift; sourceTree = "<group>"; };
/* End PBXFileReference section */

/* Begin PBXFrameworksBuildPhase section */
		524741901E474025005027BD /* Frameworks */ = {
			isa = PBXFrameworksBuildPhase;
			buildActionMask = 2147483647;
			files = (
				524741A91E474041005027BD /* I2CDeviceModule.framework in Frameworks */,
			);
			runOnlyForDeploymentPostprocessing = 0;
		};
/* End PBXFrameworksBuildPhase section */

/* Begin PBXGroup section */
		5247418A1E474025005027BD = {
			isa = PBXGroup;
			children = (
				5247419F1E474039005027BD /* I2CDeviceModule.xcodeproj */,
				524741941E474025005027BD /* AirPressureSens */,
				524741931E474025005027BD /* Products */,
			);
			sourceTree = "<group>";
		};
		524741931E474025005027BD /* Products */ = {
			isa = PBXGroup;
			children = (
				524741921E474025005027BD /* AirPressureSens.app */,
			);
			name = Products;
			sourceTree = "<group>";
		};
		524741941E474025005027BD /* AirPressureSens */ = {
			isa = PBXGroup;
			children = (
				524741AF1E4740E5005027BD /* AirPressureSens */,
				524741971E474025005027BD /* Info.plist */,
			);
			path = AirPressureSens;
			sourceTree = "<group>";
		};
		524741A01E474039005027BD /* Products */ = {
			isa = PBXGroup;
			children = (
				524741A61E474039005027BD /* I2CDeviceModule.framework */,
				524741A81E474039005027BD /* I2CDeviceModuleTests.xctest */,
			);
			name = Products;
			sourceTree = "<group>";
		};
		524741AF1E4740E5005027BD /* AirPressureSens */ = {
			isa = PBXGroup;
			children = (
				524741B01E4740E5005027BD /* main.swift */,
			);
			name = AirPressureSens;
			path = ../../../Sources/AirPressureSens;
			sourceTree = "<group>";
		};
/* End PBXGroup section */

/* Begin PBXNativeTarget section */
		524741911E474025005027BD /* AirPressureSens */ = {
			isa = PBXNativeTarget;
			buildConfigurationList = 5247419A1E474025005027BD /* Build configuration list for PBXNativeTarget "AirPressureSens" */;
			buildPhases = (
				5247418F1E474025005027BD /* Sources */,
				524741901E474025005027BD /* Frameworks */,
			);
			buildRules = (
			);
			dependencies = (
			);
			name = AirPressureSens;
			productName = AirPressureSens;
			productReference = 524741921E474025005027BD /* AirPressureSens.app */;
			productType = "com.apple.product-type.application";
		};
/* End PBXNativeTarget section */

/* Begin PBXProject section */
		5247418B1E474025005027BD /* Project object */ = {
			isa = PBXProject;
			attributes = {
				LastSwiftUpdateCheck = 0820;
				LastUpgradeCheck = 0820;
				ORGANIZATIONNAME = "Yusuke Ito";
				TargetAttributes = {
					524741911E474025005027BD = {
						CreatedOnToolsVersion = 8.2.1;
						ProvisioningStyle = Automatic;
					};
				};
			};
			buildConfigurationList = 5247418E1E474025005027BD /* Build configuration list for PBXProject "AirPressureSens" */;
			compatibilityVersion = "Xcode 3.2";
			developmentRegion = English;
			hasScannedForEncodings = 0;
			knownRegions = (
				en,
			);
			mainGroup = 5247418A1E474025005027BD;
			productRefGroup = 524741931E474025005027BD /* Products */;
			projectDirPath = "";
			projectReferences = (
				{
					ProductGroup = 524741A01E474039005027BD /* Products */;
					ProjectRef = 5247419F1E474039005027BD /* I2CDeviceModule.xcodeproj */;
				},
			);
			projectRoot = "";
			targets = (
				524741911E474025005027BD /* AirPressureSens */,
			);
		};
/* End PBXProject section */

/* Begin PBXReferenceProxy section */
		524741A61E474039005027BD /* I2CDeviceModule.framework */ = {
			isa = PBXReferenceProxy;
			fileType = wrapper.framework;
			path = I2CDeviceModule.framework;
			remoteRef = 524741A51E474039005027BD /* PBXContainerItemProxy */;
			sourceTree = BUILT_PRODUCTS_DIR;
		};
		524741A81E474039005027BD /* I2CDeviceModuleTests.xctest */ = {
			isa = PBXReferenceProxy;
			fileType = wrapper.cfbundle;
			path = I2CDeviceModuleTests.xctest;
			remoteRef = 524741A71E474039005027BD /* PBXContainerItemProxy */;
			sourceTree = BUILT_PRODUCTS_DIR;
		};
/* End PBXReferenceProxy section */

/* Begin PBXSourcesBuildPhase section */
		5247418F1E474025005027BD /* Sources */ = {
			isa = PBXSourcesBuildPhase;
			buildActionMask = 2147483647;
			files = (
				524741B11E4740E5005027BD /* main.swift in Sources */,
			);
			runOnlyForDeploymentPostprocessing = 0;
		};
/* End PBXSourcesBuildPhase section */

/* Begin XCBuildConfiguration section */
		524741981E474025005027BD /* Debug */ = {
			isa = XCBuildConfiguration;
			buildSettings = {
				ALWAYS_SEARCH_USER_PATHS = NO;
				CLANG_CXX_LANGUAGE_STANDARD = "gnu++0x";
				CLANG_CXX_LIBRARY = "libc++";
				CLANG_ENABLE_MODULES = YES;
				CLANG_ENABLE_OBJC_ARC = YES;
				CLANG_WARN_BOOL_CONVERSION = YES;
				CLANG_WARN_CONSTANT_CONVERSION = YES;
				CLANG_WARN_DIRECT_OBJC_ISA_USAGE = YES_ERROR;
				CLANG_WARN_EMPTY_BODY = YES;
				CLANG_WARN_ENUM_CONVERSION = YES;
				CLANG_WARN_INT_CONVERSION = YES;
				CLANG_WARN_OBJC_ROOT_CLASS = YES_ERROR;
				CLANG_WARN_UNREACHABLE_CODE = YES;
				CLANG_WARN__DUPLICATE_METHOD_MATCH = YES;
				CODE_SIGN_IDENTITY = "-";
				COPY_PHASE_STRIP = NO;
				DEBUG_INFORMATION_FORMAT = dwarf;
				ENABLE_STRICT_OBJC_MSGSEND = YES;
				ENABLE_TESTABILITY = YES;
				GCC_C_LANGUAGE_STANDARD = gnu99;
				GCC_DYNAMIC_NO_PIC = NO;
				GCC_NO_COMMON_BLOCKS = YES;
				GCC_OPTIMIZATION_LEVEL = 0;
				GCC_PREPROCESSOR_DEFINITIONS = (
					"DEBUG=1",
					"$(inherited)",
				);
				GCC_WARN_64_TO_32_BIT_CONVERSION = YES;
				GCC_WARN_ABOUT_RETURN_TYPE = YES_ERROR;
				GCC_WARN_UNDECLARED_SELECTOR = YES;
				GCC_WARN_UNINITIALIZED_AUTOS = YES_AGGRESSIVE;
				GCC_WARN_UNUSED_FUNCTION = YES;
				GCC_WARN_UNUSED_VARIABLE = YES;
				MACOSX_DEPLOYMENT_TARGET = 10.12;
				MTL_ENABLE_DEBUG_INFO = YES;
				ONLY_ACTIVE_ARCH = YES;
				SDKROOT = macosx;
			};
			name = Debug;
		};
		524741991E474025005027BD /* Release */ = {
			isa = XCBuildConfiguration;
			buildSettings = {
				ALWAYS_SEARCH_USER_PATHS = NO;
				CLANG_CXX_LANGUAGE_STANDARD = "gnu++0x";
				CLANG_CXX_LIBRARY = "libc++";
				CLANG_ENABLE_MODULES = YES;
				CLANG_ENABLE_OBJC_ARC = YES;
				CLANG_WARN_BOOL_CONVERSION = YES;
				CLANG_WARN_CONSTANT_CONVERSION = YES;
				CLANG_WARN_DIRECT_OBJC_ISA_USAGE = YES_ERROR;
				CLANG_WARN_EMPTY_BODY = YES;
				CLANG_WARN_ENUM_CONVERSION = YES;
				CLANG_WARN_INT_CONVERSION = YES;
				CLANG_WARN_OBJC_ROOT_CLASS = YES_ERROR;
				CLANG_WARN_UNREACHABLE_CODE = YES;
				CLANG_WARN__DUPLICATE_METHOD_MATCH = YES;
				CODE_SIGN_IDENTITY = "-";
				COPY_PHASE_STRIP = NO;
				DEBUG_INFORMATION_FORMAT = "dwarf-with-dsym";
				ENABLE_NS_ASSERTIONS = NO;
				ENABLE_STRICT_OBJC_MSGSEND = YES;
				GCC_C_LANGUAGE_STANDARD = gnu99;
				GCC_NO_COMMON_BLOCKS = YES;
				GCC_WARN_64_TO_32_BIT_CONVERSION = YES;
				GCC_WARN_ABOUT_RETURN_TYPE = YES_ERROR;
				GCC_WARN_UNDECLARED_SELECTOR = YES;
				GCC_WARN_UNINITIALIZED_AUTOS = YES_AGGRESSIVE;
				GCC_WARN_UNUSED_FUNCTION = YES;
				GCC_WARN_UNUSED_VARIABLE = YES;
				MACOSX_DEPLOYMENT_TARGET = 10.12;
				MTL_ENABLE_DEBUG_INFO = NO;
				SDKROOT = macosx;
			};
			name = Release;
		};
		5247419B1E474025005027BD /* Debug */ = {
			isa = XCBuildConfiguration;
			buildSettings = {
				INFOPLIST_FILE = AirPressureSens/Info.plist;
				LD_RUNPATH_SEARCH_PATHS = "$(inherited) @executable_path/Frameworks @executable_path/../Frameworks";
				PRODUCT_BUNDLE_IDENTIFIER = jp.novi.AirPressureSens;
				PRODUCT_NAME = "$(TARGET_NAME)";
				SWIFT_VERSION = 3.0;
			};
			name = Debug;
		};
		5247419C1E474025005027BD /* Release */ = {
			isa = XCBuildConfiguration;
			buildSettings = {
				INFOPLIST_FILE = AirPressureSens/Info.plist;
				LD_RUNPATH_SEARCH_PATHS = "$(inherited) @executable_path/Frameworks @executable_path/../Frameworks";
				PRODUCT_BUNDLE_IDENTIFIER = jp.novi.AirPressureSens;
				PRODUCT_NAME = "$(TARGET_NAME)";
				SWIFT_VERSION = 3.0;
			};
			name = Release;
		};
/* End XCBuildConfiguration section */

/* Begin XCConfigurationList section */
		5247418E1E474025005027BD /* Build configuration list for PBXProject "AirPressureSens" */ = {
			isa = XCConfigurationList;
			buildConfigurations = (
				524741981E474025005027BD /* Debug */,
				524741991E474025005027BD /* Release */,
			);
			defaultConfigurationIsVisible = 0;
			defaultConfigurationName = Release;
		};
		5247419A1E474025005027BD /* Build configuration list for PBXNativeTarget "AirPressureSens" */ = {
			isa = XCConfigurationList;
			buildConfigurations = (
				5247419B1E474025005027BD /* Debug */,
				5247419C1E474025005027BD /* Release */,
			);
			defaultConfigurationIsVisible = 0;
			defaultConfigurationName = Release;
		};
/* End XCConfigurationList section */
	};
	rootObject = 5247418B1E474025005027BD /* Project object */;
}
